Microsoft Visual Studio Solution File, Format Version 12.00
# Visual Studio 2012
Project("{FAE04EC0-301F-11D3-BF4B-00C04F79EFBC}") = "FirstGodotProject", "FirstGodotProject.csproj", "{1AFE5AB9-9004-4E62-A81A-BF6137CF35EB}"
EndProject
Global
	GlobalSection(SolutionConfigurationPlatforms) = preSolution
	Debug|Any CPU = Debug|Any CPU
	ExportDebug|Any CPU = ExportDebug|Any CPU
	ExportRelease|Any CPU = ExportRelease|Any CPU
	EndGlobalSection
	GlobalSection(ProjectConfigurationPlatforms) = postSolution
		{1AFE5AB9-9004-4E62-A81A-BF6137CF35EB}.Debug|Any CPU.ActiveCfg = Debug|Any CPU
		{1AFE5AB9-9004-4E62-A81A-BF6137CF35EB}.Debug|Any CPU.Build.0 = Debug|Any CPU
		{1AFE5AB9-9004-4E62-A81A-BF6137CF35EB}.ExportDebug|Any CPU.ActiveCfg = ExportDebug|Any CPU
		{1AFE5AB9-9004-4E62-A81A-BF6137CF35EB}.ExportDebug|Any CPU.Build.0 = ExportDebug|Any CPU
		{1AFE5AB9-9004-4E62-A81A-BF6137CF35EB}.ExportRelease|Any CPU.ActiveCfg = ExportRelease|Any CPU
		{1AFE5AB9-9004-4E62-A81A-BF6137CF35EB}.ExportRelease|Any CPU.Build.0 = ExportRelease|Any CPU
	EndGlobalSection
EndGlobal
