Microsoft Visual Studio Solution File, Format Version 12.00
# Visual Studio 2012
Project("{FAE04EC0-301F-11D3-BF4B-00C04F79EFBC}") = "FirstGodotProject", "FirstGodotProject.csproj", "{F33210AB-DB43-4A53-AD01-1E2E8D23AEAA}"
EndProject
Global
	GlobalSection(SolutionConfigurationPlatforms) = preSolution
	Debug|Any CPU = Debug|Any CPU
	ExportDebug|Any CPU = ExportDebug|Any CPU
	ExportRelease|Any CPU = ExportRelease|Any CPU
	EndGlobalSection
	GlobalSection(ProjectConfigurationPlatforms) = postSolution
		{F33210AB-DB43-4A53-AD01-1E2E8D23AEAA}.Debug|Any CPU.ActiveCfg = Debug|Any CPU
		{F33210AB-DB43-4A53-AD01-1E2E8D23AEAA}.Debug|Any CPU.Build.0 = Debug|Any CPU
		{F33210AB-DB43-4A53-AD01-1E2E8D23AEAA}.ExportDebug|Any CPU.ActiveCfg = ExportDebug|Any CPU
		{F33210AB-DB43-4A53-AD01-1E2E8D23AEAA}.ExportDebug|Any CPU.Build.0 = ExportDebug|Any CPU
		{F33210AB-DB43-4A53-AD01-1E2E8D23AEAA}.ExportRelease|Any CPU.ActiveCfg = ExportRelease|Any CPU
		{F33210AB-DB43-4A53-AD01-1E2E8D23AEAA}.ExportRelease|Any CPU.Build.0 = ExportRelease|Any CPU
	EndGlobalSection
EndGlobal
